
Microsoft Visual Studio Solution File, Format Version 11.00
# Visual Studio 2010
Project("{FAE04EC0-301F-11D3-BF4B-00C04F79EFBC}") = "SokobanSolverEngine", "SokobnaSolverEngine\SokobanSolverEngine.csproj", "{2652B971-86B5-4DF5-8664-23F9A4948217}"
EndProject
Project("{FAE04EC0-301F-11D3-BF4B-00C04F79EFBC}") = "SokobanSolvingLogic", "SokobanSolvingLogic\SokobanSolvingLogic.csproj", "{68AE5DB4-927F-4641-868C-7C667480A323}"
EndProject
Project("{FAE04EC0-301F-11D3-BF4B-00C04F79EFBC}") = "DataTypes", "DataTypes\DataTypes.csproj", "{5FBF321E-C2E8-4E80-9E66-A8B4A5527F07}"
EndProject
Global
	GlobalSection(SolutionConfigurationPlatforms) = preSolution
		Debug|Any CPU = Debug|Any CPU
		Release|Any CPU = Release|Any CPU
	EndGlobalSection
	GlobalSection(ProjectConfigurationPlatforms) = postSolution
		{2652B971-86B5-4DF5-8664-23F9A4948217}.Debug|Any CPU.ActiveCfg = Debug|Any CPU
		{2652B971-86B5-4DF5-8664-23F9A4948217}.Debug|Any CPU.Build.0 = Debug|Any CPU
		{2652B971-86B5-4DF5-8664-23F9A4948217}.Release|Any CPU.ActiveCfg = Release|Any CPU
		{2652B971-86B5-4DF5-8664-23F9A4948217}.Release|Any CPU.Build.0 = Release|Any CPU
		{68AE5DB4-927F-4641-868C-7C667480A323}.Debug|Any CPU.ActiveCfg = Debug|Any CPU
		{68AE5DB4-927F-4641-868C-7C667480A323}.Debug|Any CPU.Build.0 = Debug|Any CPU
		{68AE5DB4-927F-4641-868C-7C667480A323}.Release|Any CPU.ActiveCfg = Release|Any CPU
		{68AE5DB4-927F-4641-868C-7C667480A323}.Release|Any CPU.Build.0 = Release|Any CPU
		{5FBF321E-C2E8-4E80-9E66-A8B4A5527F07}.Debug|Any CPU.ActiveCfg = Debug|Any CPU
		{5FBF321E-C2E8-4E80-9E66-A8B4A5527F07}.Debug|Any CPU.Build.0 = Debug|Any CPU
		{5FBF321E-C2E8-4E80-9E66-A8B4A5527F07}.Release|Any CPU.ActiveCfg = Release|Any CPU
		{5FBF321E-C2E8-4E80-9E66-A8B4A5527F07}.Release|Any CPU.Build.0 = Release|Any CPU
	EndGlobalSection
	GlobalSection(SolutionProperties) = preSolution
		HideSolutionNode = FALSE
	EndGlobalSection
EndGlobal
