Microsoft Visual Studio Solution File, Format Version 12.00
# Visual Studio Version 17
VisualStudioVersion = 17.5.33516.290
MinimumVisualStudioVersion = 10.0.40219.1
Project("{9A19103F-16F7-4668-BE54-9A1E7A4F7556}") = "Sokoban.Desktop.App", "SokobnaSolverEngine\Sokoban.Desktop.App.csproj", "{2652B971-86B5-4DF5-8664-23F9A4948217}"
EndProject
Project("{9A19103F-16F7-4668-BE54-9A1E7A4F7556}") = "SokobanSolvingLogic", "SokobanSolvingLogic\SokobanSolvingLogic.csproj", "{68AE5DB4-927F-4641-868C-7C667480A323}"
EndProject
Project("{9A19103F-16F7-4668-BE54-9A1E7A4F7556}") = "DataTypes", "DataTypes\DataTypes.csproj", "{5FBF321E-C2E8-4E80-9E66-A8B4A5527F07}"
EndProject
Project("{9A19103F-16F7-4668-BE54-9A1E7A4F7556}") = "SokobanSolverWebApiCore", "SokobanSolverWebApiCore\SokobanSolverWebApiCore.csproj", "{CF743E1C-7D2E-4227-BA28-72DCB31A296E}"
EndProject
Global
	GlobalSection(SolutionConfigurationPlatforms) = preSolution
		Debug|Any CPU = Debug|Any CPU
		Release|Any CPU = Release|Any CPU
	EndGlobalSection
	GlobalSection(ProjectConfigurationPlatforms) = postSolution
		{2652B971-86B5-4DF5-8664-23F9A4948217}.Debug|Any CPU.ActiveCfg = Debug|Any CPU
		{2652B971-86B5-4DF5-8664-23F9A4948217}.Debug|Any CPU.Build.0 = Debug|Any CPU
		{2652B971-86B5-4DF5-8664-23F9A4948217}.Release|Any CPU.ActiveCfg = Release|Any CPU
		{2652B971-86B5-4DF5-8664-23F9A4948217}.Release|Any CPU.Build.0 = Release|Any CPU
		{68AE5DB4-927F-4641-868C-7C667480A323}.Debug|Any CPU.ActiveCfg = Debug|Any CPU
		{68AE5DB4-927F-4641-868C-7C667480A323}.Debug|Any CPU.Build.0 = Debug|Any CPU
		{68AE5DB4-927F-4641-868C-7C667480A323}.Release|Any CPU.ActiveCfg = Release|Any CPU
		{68AE5DB4-927F-4641-868C-7C667480A323}.Release|Any CPU.Build.0 = Release|Any CPU
		{5FBF321E-C2E8-4E80-9E66-A8B4A5527F07}.Debug|Any CPU.ActiveCfg = Debug|Any CPU
		{5FBF321E-C2E8-4E80-9E66-A8B4A5527F07}.Debug|Any CPU.Build.0 = Debug|Any CPU
		{5FBF321E-C2E8-4E80-9E66-A8B4A5527F07}.Release|Any CPU.ActiveCfg = Release|Any CPU
		{5FBF321E-C2E8-4E80-9E66-A8B4A5527F07}.Release|Any CPU.Build.0 = Release|Any CPU
		{CF743E1C-7D2E-4227-BA28-72DCB31A296E}.Debug|Any CPU.ActiveCfg = Debug|Any CPU
		{CF743E1C-7D2E-4227-BA28-72DCB31A296E}.Debug|Any CPU.Build.0 = Debug|Any CPU
		{CF743E1C-7D2E-4227-BA28-72DCB31A296E}.Release|Any CPU.ActiveCfg = Release|Any CPU
		{CF743E1C-7D2E-4227-BA28-72DCB31A296E}.Release|Any CPU.Build.0 = Release|Any CPU
	EndGlobalSection
	GlobalSection(SolutionProperties) = preSolution
		HideSolutionNode = FALSE
	EndGlobalSection
	GlobalSection(ExtensibilityGlobals) = postSolution
		SolutionGuid = {6F82DF4A-C938-4A83-81C0-42D4C2F71465}
	EndGlobalSection
EndGlobal
